
Microsoft Visual Studio Solution File, Format Version 12.00
Project("{2150E333-8FDC-42A3-9474-1A3956D46DE8}") = "01_Execution", "01_Execution", "{0E41D63C-06EF-4ABC-A5AA-5A36B5AD03C6}"
EndProject
Project("{2150E333-8FDC-42A3-9474-1A3956D46DE8}") = "SolutionItems", "SolutionItems", "{A832A45F-22D3-4AC5-B3C6-F4B7550546BB}"
	ProjectSection(SolutionItems) = preProject
		.editorconfig = .editorconfig
		.gitignore = .gitignore
	EndProjectSection
EndProject
Project("{2150E333-8FDC-42A3-9474-1A3956D46DE8}") = "02_Service", "02_Service", "{CFDC25C8-B312-4D38-9204-23502D7E0477}"
EndProject
Project("{FAE04EC0-301F-11D3-BF4B-00C04F79EFBC}") = "Test-App", "01_Execution\Test-App\Test-App.csproj", "{8F29B86E-2496-490D-BE98-3EF5F7CF5D60}"
EndProject
Project("{2150E333-8FDC-42A3-9474-1A3956D46DE8}") = "09_Core", "09_Core", "{F835408C-5D47-4CFA-8069-13115366587D}"
EndProject
Project("{2150E333-8FDC-42A3-9474-1A3956D46DE8}") = "08_Domain", "08_Domain", "{23827132-5FFD-4CF4-8234-26D597B8FDE6}"
EndProject
Project("{FAE04EC0-301F-11D3-BF4B-00C04F79EFBC}") = "Engine.Core", "09_Core\Engine.Core\Engine.Core.csproj", "{037CA953-47BC-43B5-BE49-8658BF157B24}"
EndProject
Project("{FAE04EC0-301F-11D3-BF4B-00C04F79EFBC}") = "Engine.Assets", "08_Domain\Engine.Assets\Engine.Assets.csproj", "{A503E998-D8AD-4F18-AA16-7E0328783E91}"
EndProject
Project("{FAE04EC0-301F-11D3-BF4B-00C04F79EFBC}") = "Engine.OpenGL", "08_Domain\Engine.OpenGL\Engine.OpenGL.csproj", "{7541F1D1-258D-4EBB-836D-22562D9AEE2A}"
EndProject
Project("{FAE04EC0-301F-11D3-BF4B-00C04F79EFBC}") = "Engine.Rendering", "08_Domain\Engine.Rendering\Engine.Rendering.csproj", "{8092DB9C-0A0D-4DFA-A5B9-A345A09D5AF4}"
EndProject
Global
	GlobalSection(SolutionConfigurationPlatforms) = preSolution
		Debug|Any CPU = Debug|Any CPU
		Release|Any CPU = Release|Any CPU
	EndGlobalSection
	GlobalSection(ProjectConfigurationPlatforms) = postSolution
		{8F29B86E-2496-490D-BE98-3EF5F7CF5D60}.Debug|Any CPU.ActiveCfg = Debug|Any CPU
		{8F29B86E-2496-490D-BE98-3EF5F7CF5D60}.Debug|Any CPU.Build.0 = Debug|Any CPU
		{8F29B86E-2496-490D-BE98-3EF5F7CF5D60}.Release|Any CPU.ActiveCfg = Release|Any CPU
		{8F29B86E-2496-490D-BE98-3EF5F7CF5D60}.Release|Any CPU.Build.0 = Release|Any CPU
		{037CA953-47BC-43B5-BE49-8658BF157B24}.Debug|Any CPU.ActiveCfg = Debug|Any CPU
		{037CA953-47BC-43B5-BE49-8658BF157B24}.Debug|Any CPU.Build.0 = Debug|Any CPU
		{037CA953-47BC-43B5-BE49-8658BF157B24}.Release|Any CPU.ActiveCfg = Release|Any CPU
		{037CA953-47BC-43B5-BE49-8658BF157B24}.Release|Any CPU.Build.0 = Release|Any CPU
		{A503E998-D8AD-4F18-AA16-7E0328783E91}.Debug|Any CPU.ActiveCfg = Debug|Any CPU
		{A503E998-D8AD-4F18-AA16-7E0328783E91}.Debug|Any CPU.Build.0 = Debug|Any CPU
		{A503E998-D8AD-4F18-AA16-7E0328783E91}.Release|Any CPU.ActiveCfg = Release|Any CPU
		{A503E998-D8AD-4F18-AA16-7E0328783E91}.Release|Any CPU.Build.0 = Release|Any CPU
		{7541F1D1-258D-4EBB-836D-22562D9AEE2A}.Debug|Any CPU.ActiveCfg = Debug|Any CPU
		{7541F1D1-258D-4EBB-836D-22562D9AEE2A}.Debug|Any CPU.Build.0 = Debug|Any CPU
		{7541F1D1-258D-4EBB-836D-22562D9AEE2A}.Release|Any CPU.ActiveCfg = Release|Any CPU
		{7541F1D1-258D-4EBB-836D-22562D9AEE2A}.Release|Any CPU.Build.0 = Release|Any CPU
		{8092DB9C-0A0D-4DFA-A5B9-A345A09D5AF4}.Debug|Any CPU.ActiveCfg = Debug|Any CPU
		{8092DB9C-0A0D-4DFA-A5B9-A345A09D5AF4}.Debug|Any CPU.Build.0 = Debug|Any CPU
		{8092DB9C-0A0D-4DFA-A5B9-A345A09D5AF4}.Release|Any CPU.ActiveCfg = Release|Any CPU
		{8092DB9C-0A0D-4DFA-A5B9-A345A09D5AF4}.Release|Any CPU.Build.0 = Release|Any CPU
	EndGlobalSection
	GlobalSection(NestedProjects) = preSolution
		{8F29B86E-2496-490D-BE98-3EF5F7CF5D60} = {0E41D63C-06EF-4ABC-A5AA-5A36B5AD03C6}
		{037CA953-47BC-43B5-BE49-8658BF157B24} = {F835408C-5D47-4CFA-8069-13115366587D}
		{A503E998-D8AD-4F18-AA16-7E0328783E91} = {23827132-5FFD-4CF4-8234-26D597B8FDE6}
		{7541F1D1-258D-4EBB-836D-22562D9AEE2A} = {23827132-5FFD-4CF4-8234-26D597B8FDE6}
		{8092DB9C-0A0D-4DFA-A5B9-A345A09D5AF4} = {23827132-5FFD-4CF4-8234-26D597B8FDE6}
	EndGlobalSection
EndGlobal
